// !$*UTF8*$!
{
	archiveVersion = 1;
	classes = {
	};
	objectVersion = 50;
	objects = {

/* Begin PBXBuildFile section */
		96125CED245888840033C285 /* AppDelegate.swift in Sources */ = {isa = PBXBuildFile; fileRef = 96125CEC245888840033C285 /* AppDelegate.swift */; };
		96125CEF245888840033C285 /* SceneDelegate.swift in Sources */ = {isa = PBXBuildFile; fileRef = 96125CEE245888840033C285 /* SceneDelegate.swift */; };
		96125CF6245888860033C285 /* Assets.xcassets in Resources */ = {isa = PBXBuildFile; fileRef = 96125CF5245888860033C285 /* Assets.xcassets */; };
		96125CF9245888860033C285 /* LaunchScreen.storyboard in Resources */ = {isa = PBXBuildFile; fileRef = 96125CF7245888860033C285 /* LaunchScreen.storyboard */; };
		96125D01245A39DA0033C285 /* SearchVC.swift in Sources */ = {isa = PBXBuildFile; fileRef = 96125D00245A39DA0033C285 /* SearchVC.swift */; };
		96125D03245A3A740033C285 /* FavoritesListVC.swift in Sources */ = {isa = PBXBuildFile; fileRef = 96125D02245A3A740033C285 /* FavoritesListVC.swift */; };
		96125D05245B15590033C285 /* Constants.swift in Sources */ = {isa = PBXBuildFile; fileRef = 96125D04245B15580033C285 /* Constants.swift */; };
		96125D07245B23D70033C285 /* BoltButton.swift in Sources */ = {isa = PBXBuildFile; fileRef = 96125D06245B23D70033C285 /* BoltButton.swift */; };
		96125D09245B66650033C285 /* BoltTextField.swift in Sources */ = {isa = PBXBuildFile; fileRef = 96125D08245B66650033C285 /* BoltTextField.swift */; };
		96125D0B245CD4680033C285 /* UIViewController+Ext.swift in Sources */ = {isa = PBXBuildFile; fileRef = 96125D0A245CD4680033C285 /* UIViewController+Ext.swift */; };
		96125D0D245CE1CD0033C285 /* CityVC.swift in Sources */ = {isa = PBXBuildFile; fileRef = 96125D0C245CE1CD0033C285 /* CityVC.swift */; };
		96125D0F246066CC0033C285 /* NetworkManager.swift in Sources */ = {isa = PBXBuildFile; fileRef = 96125D0E246066CC0033C285 /* NetworkManager.swift */; };
		96125D1124609F970033C285 /* BoltTitleLabel.swift in Sources */ = {isa = PBXBuildFile; fileRef = 96125D1024609F970033C285 /* BoltTitleLabel.swift */; };
		96125D132460A2C70033C285 /* BoltBodyLabel.swift in Sources */ = {isa = PBXBuildFile; fileRef = 96125D122460A2C70033C285 /* BoltBodyLabel.swift */; };
		96125D152460A4D80033C285 /* BoltAlertVC.swift in Sources */ = {isa = PBXBuildFile; fileRef = 96125D142460A4D80033C285 /* BoltAlertVC.swift */; };
		96125D1E2461F6340033C285 /* WeatherData.swift in Sources */ = {isa = PBXBuildFile; fileRef = 96125D1D2461F6340033C285 /* WeatherData.swift */; };
		96125D20246224B60033C285 /* WeatherModel.swift in Sources */ = {isa = PBXBuildFile; fileRef = 96125D1F246224B60033C285 /* WeatherModel.swift */; };
/* End PBXBuildFile section */

/* Begin PBXFileReference section */
		96125CE9245888840033C285 /* EOPortafolioOne.app */ = {isa = PBXFileReference; explicitFileType = wrapper.application; includeInIndex = 0; path = EOPortafolioOne.app; sourceTree = BUILT_PRODUCTS_DIR; };
		96125CEC245888840033C285 /* AppDelegate.swift */ = {isa = PBXFileReference; lastKnownFileType = sourcecode.swift; path = AppDelegate.swift; sourceTree = "<group>"; };
		96125CEE245888840033C285 /* SceneDelegate.swift */ = {isa = PBXFileReference; lastKnownFileType = sourcecode.swift; path = SceneDelegate.swift; sourceTree = "<group>"; };
		96125CF5245888860033C285 /* Assets.xcassets */ = {isa = PBXFileReference; lastKnownFileType = folder.assetcatalog; path = Assets.xcassets; sourceTree = "<group>"; };
		96125CF8245888860033C285 /* Base */ = {isa = PBXFileReference; lastKnownFileType = file.storyboard; name = Base; path = Base.lproj/LaunchScreen.storyboard; sourceTree = "<group>"; };
		96125CFA245888860033C285 /* Info.plist */ = {isa = PBXFileReference; lastKnownFileType = text.plist.xml; path = Info.plist; sourceTree = "<group>"; };
		96125D00245A39DA0033C285 /* SearchVC.swift */ = {isa = PBXFileReference; lastKnownFileType = sourcecode.swift; path = SearchVC.swift; sourceTree = "<group>"; };
		96125D02245A3A740033C285 /* FavoritesListVC.swift */ = {isa = PBXFileReference; lastKnownFileType = sourcecode.swift; path = FavoritesListVC.swift; sourceTree = "<group>"; };
		96125D04245B15580033C285 /* Constants.swift */ = {isa = PBXFileReference; lastKnownFileType = sourcecode.swift; path = Constants.swift; sourceTree = "<group>"; };
		96125D06245B23D70033C285 /* BoltButton.swift */ = {isa = PBXFileReference; lastKnownFileType = sourcecode.swift; path = BoltButton.swift; sourceTree = "<group>"; };
		96125D08245B66650033C285 /* BoltTextField.swift */ = {isa = PBXFileReference; lastKnownFileType = sourcecode.swift; path = BoltTextField.swift; sourceTree = "<group>"; };
		96125D0A245CD4680033C285 /* UIViewController+Ext.swift */ = {isa = PBXFileReference; lastKnownFileType = sourcecode.swift; path = "UIViewController+Ext.swift"; sourceTree = "<group>"; };
		96125D0C245CE1CD0033C285 /* CityVC.swift */ = {isa = PBXFileReference; lastKnownFileType = sourcecode.swift; path = CityVC.swift; sourceTree = "<group>"; };
		96125D0E246066CC0033C285 /* NetworkManager.swift */ = {isa = PBXFileReference; lastKnownFileType = sourcecode.swift; path = NetworkManager.swift; sourceTree = "<group>"; };
		96125D1024609F970033C285 /* BoltTitleLabel.swift */ = {isa = PBXFileReference; lastKnownFileType = sourcecode.swift; path = BoltTitleLabel.swift; sourceTree = "<group>"; };
		96125D122460A2C70033C285 /* BoltBodyLabel.swift */ = {isa = PBXFileReference; lastKnownFileType = sourcecode.swift; path = BoltBodyLabel.swift; sourceTree = "<group>"; };
		96125D142460A4D80033C285 /* BoltAlertVC.swift */ = {isa = PBXFileReference; lastKnownFileType = sourcecode.swift; path = BoltAlertVC.swift; sourceTree = "<group>"; };
		96125D1D2461F6340033C285 /* WeatherData.swift */ = {isa = PBXFileReference; lastKnownFileType = sourcecode.swift; path = WeatherData.swift; sourceTree = "<group>"; };
		96125D1F246224B60033C285 /* WeatherModel.swift */ = {isa = PBXFileReference; lastKnownFileType = sourcecode.swift; path = WeatherModel.swift; sourceTree = "<group>"; };
/* End PBXFileReference section */

/* Begin PBXFrameworksBuildPhase section */
		96125CE6245888840033C285 /* Frameworks */ = {
			isa = PBXFrameworksBuildPhase;
			buildActionMask = 2147483647;
			files = (
			);
			runOnlyForDeploymentPostprocessing = 0;
		};
/* End PBXFrameworksBuildPhase section */

/* Begin PBXGroup section */
		96125CE0245888840033C285 = {
			isa = PBXGroup;
			children = (
				96125CEB245888840033C285 /* EOPortafolioOne */,
				96125CEA245888840033C285 /* Products */,
			);
			sourceTree = "<group>";
		};
		96125CEA245888840033C285 /* Products */ = {
			isa = PBXGroup;
			children = (
				96125CE9245888840033C285 /* EOPortafolioOne.app */,
			);
			name = Products;
			sourceTree = "<group>";
		};
		96125CEB245888840033C285 /* EOPortafolioOne */ = {
			isa = PBXGroup;
			children = (
				96125D1C2461F5F30033C285 /* Model */,
				96125D192461AD600033C285 /* Support */,
				96125D1B2461ADAB0033C285 /* Utilities */,
				96125D1A2461AD930033C285 /* Managers */,
				96125D182461ACE40033C285 /* Extensions */,
				96125D172461AC700033C285 /* Custom Views */,
				96125D162461A9760033C285 /* Screens */,
				96125CF5245888860033C285 /* Assets.xcassets */,
				96125CF7245888860033C285 /* LaunchScreen.storyboard */,
				96125CFA245888860033C285 /* Info.plist */,
			);
			path = EOPortafolioOne;
			sourceTree = "<group>";
		};
		96125D162461A9760033C285 /* Screens */ = {
			isa = PBXGroup;
			children = (
				96125D00245A39DA0033C285 /* SearchVC.swift */,
				96125D02245A3A740033C285 /* FavoritesListVC.swift */,
				96125D0C245CE1CD0033C285 /* CityVC.swift */,
			);
			path = Screens;
			sourceTree = "<group>";
		};
		96125D172461AC700033C285 /* Custom Views */ = {
			isa = PBXGroup;
			children = (
				96125D06245B23D70033C285 /* BoltButton.swift */,
				96125D08245B66650033C285 /* BoltTextField.swift */,
				96125D1024609F970033C285 /* BoltTitleLabel.swift */,
				96125D122460A2C70033C285 /* BoltBodyLabel.swift */,
				96125D142460A4D80033C285 /* BoltAlertVC.swift */,
			);
			path = "Custom Views";
			sourceTree = "<group>";
		};
		96125D182461ACE40033C285 /* Extensions */ = {
			isa = PBXGroup;
			children = (
				96125D0A245CD4680033C285 /* UIViewController+Ext.swift */,
			);
			path = Extensions;
			sourceTree = "<group>";
		};
		96125D192461AD600033C285 /* Support */ = {
			isa = PBXGroup;
			children = (
				96125CEC245888840033C285 /* AppDelegate.swift */,
				96125CEE245888840033C285 /* SceneDelegate.swift */,
			);
			path = Support;
			sourceTree = "<group>";
		};
		96125D1A2461AD930033C285 /* Managers */ = {
			isa = PBXGroup;
			children = (
				96125D0E246066CC0033C285 /* NetworkManager.swift */,
			);
			path = Managers;
			sourceTree = "<group>";
		};
		96125D1B2461ADAB0033C285 /* Utilities */ = {
			isa = PBXGroup;
			children = (
				96125D04245B15580033C285 /* Constants.swift */,
			);
			path = Utilities;
			sourceTree = "<group>";
		};
		96125D1C2461F5F30033C285 /* Model */ = {
			isa = PBXGroup;
			children = (
				96125D1D2461F6340033C285 /* WeatherData.swift */,
				96125D1F246224B60033C285 /* WeatherModel.swift */,
			);
			path = Model;
			sourceTree = "<group>";
		};
/* End PBXGroup section */

/* Begin PBXNativeTarget section */
		96125CE8245888840033C285 /* EOPortafolioOne */ = {
			isa = PBXNativeTarget;
			buildConfigurationList = 96125CFD245888860033C285 /* Build configuration list for PBXNativeTarget "EOPortafolioOne" */;
			buildPhases = (
				96125CE5245888840033C285 /* Sources */,
				96125CE6245888840033C285 /* Frameworks */,
				96125CE7245888840033C285 /* Resources */,
			);
			buildRules = (
			);
			dependencies = (
			);
			name = EOPortafolioOne;
			productName = EOPortafolioOne;
			productReference = 96125CE9245888840033C285 /* EOPortafolioOne.app */;
			productType = "com.apple.product-type.application";
		};
/* End PBXNativeTarget section */

/* Begin PBXProject section */
		96125CE1245888840033C285 /* Project object */ = {
			isa = PBXProject;
			attributes = {
				LastSwiftUpdateCheck = 1140;
				LastUpgradeCheck = 1140;
				ORGANIZATIONNAME = "Esteban Ordonez";
				TargetAttributes = {
					96125CE8245888840033C285 = {
						CreatedOnToolsVersion = 11.4.1;
					};
				};
			};
			buildConfigurationList = 96125CE4245888840033C285 /* Build configuration list for PBXProject "EOPortafolioOne" */;
			compatibilityVersion = "Xcode 9.3";
			developmentRegion = en;
			hasScannedForEncodings = 0;
			knownRegions = (
				en,
				Base,
			);
			mainGroup = 96125CE0245888840033C285;
			productRefGroup = 96125CEA245888840033C285 /* Products */;
			projectDirPath = "";
			projectRoot = "";
			targets = (
				96125CE8245888840033C285 /* EOPortafolioOne */,
			);
		};
/* End PBXProject section */

/* Begin PBXResourcesBuildPhase section */
		96125CE7245888840033C285 /* Resources */ = {
			isa = PBXResourcesBuildPhase;
			buildActionMask = 2147483647;
			files = (
				96125CF9245888860033C285 /* LaunchScreen.storyboard in Resources */,
				96125CF6245888860033C285 /* Assets.xcassets in Resources */,
			);
			runOnlyForDeploymentPostprocessing = 0;
		};
/* End PBXResourcesBuildPhase section */

/* Begin PBXSourcesBuildPhase section */
		96125CE5245888840033C285 /* Sources */ = {
			isa = PBXSourcesBuildPhase;
			buildActionMask = 2147483647;
			files = (
				96125D05245B15590033C285 /* Constants.swift in Sources */,
				96125D132460A2C70033C285 /* BoltBodyLabel.swift in Sources */,
				96125D1E2461F6340033C285 /* WeatherData.swift in Sources */,
				96125D03245A3A740033C285 /* FavoritesListVC.swift in Sources */,
				96125D20246224B60033C285 /* WeatherModel.swift in Sources */,
				96125D0F246066CC0033C285 /* NetworkManager.swift in Sources */,
				96125D09245B66650033C285 /* BoltTextField.swift in Sources */,
				96125D0D245CE1CD0033C285 /* CityVC.swift in Sources */,
				96125D01245A39DA0033C285 /* SearchVC.swift in Sources */,
				96125CED245888840033C285 /* AppDelegate.swift in Sources */,
				96125D07245B23D70033C285 /* BoltButton.swift in Sources */,
				96125D1124609F970033C285 /* BoltTitleLabel.swift in Sources */,
				96125D152460A4D80033C285 /* BoltAlertVC.swift in Sources */,
				96125D0B245CD4680033C285 /* UIViewController+Ext.swift in Sources */,
				96125CEF245888840033C285 /* SceneDelegate.swift in Sources */,
			);
			runOnlyForDeploymentPostprocessing = 0;
		};
/* End PBXSourcesBuildPhase section */

/* Begin PBXVariantGroup section */
		96125CF7245888860033C285 /* LaunchScreen.storyboard */ = {
			isa = PBXVariantGroup;
			children = (
				96125CF8245888860033C285 /* Base */,
			);
			name = LaunchScreen.storyboard;
			sourceTree = "<group>";
		};
/* End PBXVariantGroup section */

/* Begin XCBuildConfiguration section */
		96125CFB245888860033C285 /* Debug */ = {
			isa = XCBuildConfiguration;
			buildSettings = {
				ALWAYS_SEARCH_USER_PATHS = NO;
				CLANG_ANALYZER_NONNULL = YES;
				CLANG_ANALYZER_NUMBER_OBJECT_CONVERSION = YES_AGGRESSIVE;
				CLANG_CXX_LANGUAGE_STANDARD = "gnu++14";
				CLANG_CXX_LIBRARY = "libc++";
				CLANG_ENABLE_MODULES = YES;
				CLANG_ENABLE_OBJC_ARC = YES;
				CLANG_ENABLE_OBJC_WEAK = YES;
				CLANG_WARN_BLOCK_CAPTURE_AUTORELEASING = YES;
				CLANG_WARN_BOOL_CONVERSION = YES;
				CLANG_WARN_COMMA = YES;
				CLANG_WARN_CONSTANT_CONVERSION = YES;
				CLANG_WARN_DEPRECATED_OBJC_IMPLEMENTATIONS = YES;
				CLANG_WARN_DIRECT_OBJC_ISA_USAGE = YES_ERROR;
				CLANG_WARN_DOCUMENTATION_COMMENTS = YES;
				CLANG_WARN_EMPTY_BODY = YES;
				CLANG_WARN_ENUM_CONVERSION = YES;
				CLANG_WARN_INFINITE_RECURSION = YES;
				CLANG_WARN_INT_CONVERSION = YES;
				CLANG_WARN_NON_LITERAL_NULL_CONVERSION = YES;
				CLANG_WARN_OBJC_IMPLICIT_RETAIN_SELF = YES;
				CLANG_WARN_OBJC_LITERAL_CONVERSION = YES;
				CLANG_WARN_OBJC_ROOT_CLASS = YES_ERROR;
				CLANG_WARN_RANGE_LOOP_ANALYSIS = YES;
				CLANG_WARN_STRICT_PROTOTYPES = YES;
				CLANG_WARN_SUSPICIOUS_MOVE = YES;
				CLANG_WARN_UNGUARDED_AVAILABILITY = YES_AGGRESSIVE;
				CLANG_WARN_UNREACHABLE_CODE = YES;
				CLANG_WARN__DUPLICATE_METHOD_MATCH = YES;
				COPY_PHASE_STRIP = NO;
				DEBUG_INFORMATION_FORMAT = dwarf;
				ENABLE_STRICT_OBJC_MSGSEND = YES;
				ENABLE_TESTABILITY = YES;
				GCC_C_LANGUAGE_STANDARD = gnu11;
				GCC_DYNAMIC_NO_PIC = NO;
				GCC_NO_COMMON_BLOCKS = YES;
				GCC_OPTIMIZATION_LEVEL = 0;
				GCC_PREPROCESSOR_DEFINITIONS = (
					"DEBUG=1",
					"$(inherited)",
				);
				GCC_WARN_64_TO_32_BIT_CONVERSION = YES;
				GCC_WARN_ABOUT_RETURN_TYPE = YES_ERROR;
				GCC_WARN_UNDECLARED_SELECTOR = YES;
				GCC_WARN_UNINITIALIZED_AUTOS = YES_AGGRESSIVE;
				GCC_WARN_UNUSED_FUNCTION = YES;
				GCC_WARN_UNUSED_VARIABLE = YES;
				IPHONEOS_DEPLOYMENT_TARGET = 13.4;
				MTL_ENABLE_DEBUG_INFO = INCLUDE_SOURCE;
				MTL_FAST_MATH = YES;
				ONLY_ACTIVE_ARCH = YES;
				SDKROOT = iphoneos;
				SWIFT_ACTIVE_COMPILATION_CONDITIONS = DEBUG;
				SWIFT_OPTIMIZATION_LEVEL = "-Onone";
			};
			name = Debug;
		};
		96125CFC245888860033C285 /* Release */ = {
			isa = XCBuildConfiguration;
			buildSettings = {
				ALWAYS_SEARCH_USER_PATHS = NO;
				CLANG_ANALYZER_NONNULL = YES;
				CLANG_ANALYZER_NUMBER_OBJECT_CONVERSION = YES_AGGRESSIVE;
				CLANG_CXX_LANGUAGE_STANDARD = "gnu++14";
				CLANG_CXX_LIBRARY = "libc++";
				CLANG_ENABLE_MODULES = YES;
				CLANG_ENABLE_OBJC_ARC = YES;
				CLANG_ENABLE_OBJC_WEAK = YES;
				CLANG_WARN_BLOCK_CAPTURE_AUTORELEASING = YES;
				CLANG_WARN_BOOL_CONVERSION = YES;
				CLANG_WARN_COMMA = YES;
				CLANG_WARN_CONSTANT_CONVERSION = YES;
				CLANG_WARN_DEPRECATED_OBJC_IMPLEMENTATIONS = YES;
				CLANG_WARN_DIRECT_OBJC_ISA_USAGE = YES_ERROR;
				CLANG_WARN_DOCUMENTATION_COMMENTS = YES;
				CLANG_WARN_EMPTY_BODY = YES;
				CLANG_WARN_ENUM_CONVERSION = YES;
				CLANG_WARN_INFINITE_RECURSION = YES;
				CLANG_WARN_INT_CONVERSION = YES;
				CLANG_WARN_NON_LITERAL_NULL_CONVERSION = YES;
				CLANG_WARN_OBJC_IMPLICIT_RETAIN_SELF = YES;
				CLANG_WARN_OBJC_LITERAL_CONVERSION = YES;
				CLANG_WARN_OBJC_ROOT_CLASS = YES_ERROR;
				CLANG_WARN_RANGE_LOOP_ANALYSIS = YES;
				CLANG_WARN_STRICT_PROTOTYPES = YES;
				CLANG_WARN_SUSPICIOUS_MOVE = YES;
				CLANG_WARN_UNGUARDED_AVAILABILITY = YES_AGGRESSIVE;
				CLANG_WARN_UNREACHABLE_CODE = YES;
				CLANG_WARN__DUPLICATE_METHOD_MATCH = YES;
				COPY_PHASE_STRIP = NO;
				DEBUG_INFORMATION_FORMAT = "dwarf-with-dsym";
				ENABLE_NS_ASSERTIONS = NO;
				ENABLE_STRICT_OBJC_MSGSEND = YES;
				GCC_C_LANGUAGE_STANDARD = gnu11;
				GCC_NO_COMMON_BLOCKS = YES;
				GCC_WARN_64_TO_32_BIT_CONVERSION = YES;
				GCC_WARN_ABOUT_RETURN_TYPE = YES_ERROR;
				GCC_WARN_UNDECLARED_SELECTOR = YES;
				GCC_WARN_UNINITIALIZED_AUTOS = YES_AGGRESSIVE;
				GCC_WARN_UNUSED_FUNCTION = YES;
				GCC_WARN_UNUSED_VARIABLE = YES;
				IPHONEOS_DEPLOYMENT_TARGET = 13.4;
				MTL_ENABLE_DEBUG_INFO = NO;
				MTL_FAST_MATH = YES;
				SDKROOT = iphoneos;
				SWIFT_COMPILATION_MODE = wholemodule;
				SWIFT_OPTIMIZATION_LEVEL = "-O";
				VALIDATE_PRODUCT = YES;
			};
			name = Release;
		};
		96125CFE245888860033C285 /* Debug */ = {
			isa = XCBuildConfiguration;
			buildSettings = {
				ASSETCATALOG_COMPILER_APPICON_NAME = AppIcon;
				CODE_SIGN_STYLE = Automatic;
				DEVELOPMENT_TEAM = 8766MCLJD2;
				INFOPLIST_FILE = EOPortafolioOne/Info.plist;
				LD_RUNPATH_SEARCH_PATHS = (
					"$(inherited)",
					"@executable_path/Frameworks",
				);
				PRODUCT_BUNDLE_IDENTIFIER = Banx.EOPortafolioOne;
				PRODUCT_NAME = "$(TARGET_NAME)";
				SWIFT_VERSION = 5.0;
				TARGETED_DEVICE_FAMILY = 1;
			};
			name = Debug;
		};
		96125CFF245888860033C285 /* Release */ = {
			isa = XCBuildConfiguration;
			buildSettings = {
				ASSETCATALOG_COMPILER_APPICON_NAME = AppIcon;
				CODE_SIGN_STYLE = Automatic;
				DEVELOPMENT_TEAM = 8766MCLJD2;
				INFOPLIST_FILE = EOPortafolioOne/Info.plist;
				LD_RUNPATH_SEARCH_PATHS = (
					"$(inherited)",
					"@executable_path/Frameworks",
				);
				PRODUCT_BUNDLE_IDENTIFIER = Banx.EOPortafolioOne;
				PRODUCT_NAME = "$(TARGET_NAME)";
				SWIFT_VERSION = 5.0;
				TARGETED_DEVICE_FAMILY = 1;
			};
			name = Release;
		};
/* End XCBuildConfiguration section */

/* Begin XCConfigurationList section */
		96125CE4245888840033C285 /* Build configuration list for PBXProject "EOPortafolioOne" */ = {
			isa = XCConfigurationList;
			buildConfigurations = (
				96125CFB245888860033C285 /* Debug */,
				96125CFC245888860033C285 /* Release */,
			);
			defaultConfigurationIsVisible = 0;
			defaultConfigurationName = Release;
		};
		96125CFD245888860033C285 /* Build configuration list for PBXNativeTarget "EOPortafolioOne" */ = {
			isa = XCConfigurationList;
			buildConfigurations = (
				96125CFE245888860033C285 /* Debug */,
				96125CFF245888860033C285 /* Release */,
			);
			defaultConfigurationIsVisible = 0;
			defaultConfigurationName = Release;
		};
/* End XCConfigurationList section */
	};
	rootObject = 96125CE1245888840033C285 /* Project object */;
}
